
Microsoft Visual Studio Solution File, Format Version 12.00
# Visual Studio Version 17
VisualStudioVersion = 17.13.35931.197
MinimumVisualStudioVersion = 10.0.40219.1
Project("{FAE04EC0-301F-11D3-BF4B-00C04F79EFBC}") = "MauiNotificationApp", "MauiNotificationApp.csproj", "{87213CE0-B853-49A8-A06A-FC1F87F4A691}"
EndProject
Global
	GlobalSection(SolutionConfigurationPlatforms) = preSolution
		Debug|Any CPU = Debug|Any CPU
		Release|Any CPU = Release|Any CPU
	EndGlobalSection
	GlobalSection(ProjectConfigurationPlatforms) = postSolution
		{87213CE0-B853-49A8-A06A-FC1F87F4A691}.Debug|Any CPU.ActiveCfg = Debug|Any CPU
		{87213CE0-B853-49A8-A06A-FC1F87F4A691}.Debug|Any CPU.Build.0 = Debug|Any CPU
		{87213CE0-B853-49A8-A06A-FC1F87F4A691}.Debug|Any CPU.Deploy.0 = Debug|Any CPU
		{87213CE0-B853-49A8-A06A-FC1F87F4A691}.Release|Any CPU.ActiveCfg = Release|Any CPU
		{87213CE0-B853-49A8-A06A-FC1F87F4A691}.Release|Any CPU.Build.0 = Release|Any CPU
	EndGlobalSection
	GlobalSection(SolutionProperties) = preSolution
		HideSolutionNode = FALSE
	EndGlobalSection
	GlobalSection(ExtensibilityGlobals) = postSolution
		SolutionGuid = {942D506D-D96C-44A8-BA89-3E3F0D40737C}
	EndGlobalSection
EndGlobal
